github.com/joho/godotenv v1.4.0 h1:3l4+N6zfMWnkbPEXKng2o2/MR5mSwTrBih4ZEkkz1lg=
github.com/joho/godotenv v1.4.0/go.mod h1:f4LDr5Voq0i2e/R5DDNOoa2zzDfwtkZa6DnEwAbqwq4=
github.com/pebbe/zmq4 v1.2.9 h1:JlHcdgq6zpppNR1tH0wXJq0XK03pRUc4lBlHTD7aj/4=
github.com/pebbe/zmq4 v1.2.9/go.mod h1:nqnPueOapVhE2wItZ0uOErngczsJdLOGkebMxaO8r48=
